{
  "name": "krugball",
  "lockfileVersion": 3,
  "requires": true,
  "packages": {
    "": {
      "dependencies": {
        "langfuse": "^3.37.4"
      },
      "devDependencies": {
        "@types/node": "^24.0.3"
      }
    },
    "node_modules/@types/node": {
      "version": "24.0.3",
      "resolved": "https://registry.npmjs.org/@types/node/-/node-24.0.3.tgz",
      "integrity": "sha512-R4I/kzCYAdRLzfiCabn9hxWfbuHS573x+r0dJMkkzThEa7pbrcDWK+9zu3e7aBOouf+rQAciqPFMnxwr0aWgKg==",
      "dev": true,
      "license": "MIT",
      "dependencies": {
        "undici-types": "~7.8.0"
      }
    },
    "node_modules/langfuse": {
      "version": "3.37.4",
      "resolved": "https://registry.npmjs.org/langfuse/-/langfuse-3.37.4.tgz",
      "integrity": "sha512-MxnJXkS3xqlydMKWouanghkWZb8OqoDns+NIAZoD+y/WQh1mtx40n8c0dOaT7OahzSfB9ZbWj+j+yqJww/PJYQ==",
      "license": "MIT",
      "dependencies": {
        "langfuse-core": "^3.37.4"
      },
      "engines": {
        "node": ">=18"
      }
    },
    "node_modules/langfuse-core": {
      "version": "3.37.4",
      "resolved": "https://registry.npmjs.org/langfuse-core/-/langfuse-core-3.37.4.tgz",
      "integrity": "sha512-yqXkQ1/8V9TxF8q6oULWPQ4cYZlUs1egN6JfGuhJSWb5x2Ymgt4Qh9of/Kz//CTM7IZgzZqvrlnx0VXhNKDITg==",
      "license": "MIT",
      "dependencies": {
        "mustache": "^4.2.0"
      },
      "engines": {
        "node": ">=18"
      }
    },
    "node_modules/mustache": {
      "version": "4.2.0",
      "resolved": "https://registry.npmjs.org/mustache/-/mustache-4.2.0.tgz",
      "integrity": "sha512-71ippSywq5Yb7/tVYyGbkBggbU8H3u5Rz56fH60jGFgr8uHwxs+aSKeqmluIVzM0m0kB7xQjKS6qPfd0b2ZoqQ==",
      "license": "MIT",
      "bin": {
        "mustache": "bin/mustache"
      }
    },
    "node_modules/undici-types": {
      "version": "7.8.0",
      "resolved": "https://registry.npmjs.org/undici-types/-/undici-types-7.8.0.tgz",
      "integrity": "sha512-9UJ2xGDvQ43tYyVMpuHlsgApydB8ZKfVYTsLDhXkFL/6gfkp+U8xTGdh8pMJv1SpZna0zxG1DwsKZsreLbXBxw==",
      "dev": true,
      "license": "MIT"
    }
  }
}
